<?xml version="1.0" encoding="utf-8"?>
<Project ToolsVersion="4.0" xmlns="http://schemas.microsoft.com/developer/msbuild/2003">
  <ItemGroup>
    <Filter Include="Source Files">
      <UniqueIdentifier>{a94db6e4-4ca8-47d4-94ab-d46bb47bb89f}</UniqueIdentifier>
      <Extensions>c;cpp;def;idl</Extensions>
    </Filter>
    <Filter Include="Header Files">
      <UniqueIdentifier>{295c7b9e-2732-4010-af8f-420c3b6d6da7}</UniqueIdentifier>
      <Extensions>h</Extensions>
    </Filter>
    <Filter Include="Resource Files">
      <UniqueIdentifier>{a40261f6-8c37-45aa-80b7-5973e49d5c42}</UniqueIdentifier>
      <Extensions>rc;bmp</Extensions>
    </Filter>
    <Filter Include="Shared">
      <UniqueIdentifier>{d421e7fe-712c-455b-b77d-b25e6560aaf9}</UniqueIdentifier>
    </Filter>
  </ItemGroup>
  <ItemGroup>
    <ClCompile Include="DeltaTimeFilterAbout.cpp">
      <Filter>Source Files</Filter>
    </ClCompile>
    <ClCompile Include="DeltaTimeFilterContext.cpp">
      <Filter>Source Files</Filter>
    </ClCompile>
    <ClCompile Include="DeltaTimeFilterOptions.cpp">
      <Filter>Source Files</Filter>
    </ClCompile>
    <ClCompile Include="DeltaTimeFilterParent.cpp">
      <Filter>Source Files</Filter>
    </ClCompile>
    <ClCompile Include="DeltaTimeFilterPlugin.cpp">
      <Filter>Source Files</Filter>
    </ClCompile>
    <ClCompile Include="DeltaTimeFilterTab.cpp">
      <Filter>Source Files</Filter>
    </ClCompile>
    <ClCompile Include="Options.cpp">
      <Filter>Source Files</Filter>
    </ClCompile>
    <ClCompile Include="PeekApp.cpp">
      <Filter>Source Files</Filter>
    </ClCompile>
    <ClCompile Include="PeekContext.cpp">
      <Filter>Source Files</Filter>
    </ClCompile>
    <ClCompile Include="PeekPlugin.cpp">
      <Filter>Source Files</Filter>
    </ClCompile>
    <ClCompile Include="PluginDebug.cpp">
      <Filter>Source Files</Filter>
    </ClCompile>
    <ClCompile Include="StdAfx.cpp">
      <Filter>Source Files</Filter>
    </ClCompile>
    <ClCompile Include="Shared\ArrayEx.cpp">
      <Filter>Shared</Filter>
    </ClCompile>
    <ClCompile Include="Shared\Broadcaster.cpp">
      <Filter>Shared</Filter>
    </ClCompile>
    <ClCompile Include="Shared\ByteStream.cpp">
      <Filter>Shared</Filter>
    </ClCompile>
    <ClCompile Include="Shared\FileUtil.cpp">
      <Filter>Shared</Filter>
    </ClCompile>
    <ClCompile Include="Shared\Listener.cpp">
      <Filter>Shared</Filter>
    </ClCompile>
    <ClCompile Include="Shared\Parser.cpp">
      <Filter>Shared</Filter>
    </ClCompile>
    <ClCompile Include="Shared\XMLBuilder.cpp">
      <Filter>Shared</Filter>
    </ClCompile>
    <ClCompile Include="Shared\XMLDictionary.cpp">
      <Filter>Shared</Filter>
    </ClCompile>
    <ClCompile Include="Shared\XMLDoc.cpp">
      <Filter>Shared</Filter>
    </ClCompile>
    <ClCompile Include="Shared\XMLIter.cpp">
      <Filter>Shared</Filter>
    </ClCompile>
    <ClCompile Include="Shared\XMLParser.cpp">
      <Filter>Shared</Filter>
    </ClCompile>
    <ClCompile Include="Shared\XMLParserFactory.cpp">
      <Filter>Shared</Filter>
    </ClCompile>
    <ClCompile Include="Shared\XMutex.cpp">
      <Filter>Shared</Filter>
    </ClCompile>
    <ClCompile Include="Shared\XObject.cpp">
      <Filter>Shared</Filter>
    </ClCompile>
    <ClCompile Include="Shared\XRefCounter.cpp">
      <Filter>Shared</Filter>
    </ClCompile>
    <ClCompile Include="Shared\XString.cpp">
      <Filter>Shared</Filter>
    </ClCompile>
    <ClCompile Include="DeltaTimeFilter.cpp">
      <Filter>Source Files</Filter>
    </ClCompile>
  </ItemGroup>
  <ItemGroup>
    <ClInclude Include="DeltaTimeFilter.h">
      <Filter>Header Files</Filter>
    </ClInclude>
    <ClInclude Include="DeltaTimeFilterAbout.h">
      <Filter>Header Files</Filter>
    </ClInclude>
    <ClInclude Include="DeltaTimeFilterContext.h">
      <Filter>Header Files</Filter>
    </ClInclude>
    <ClInclude Include="DeltaTimeFilterOptions.h">
      <Filter>Header Files</Filter>
    </ClInclude>
    <ClInclude Include="DeltaTimeFilterParent.h">
      <Filter>Header Files</Filter>
    </ClInclude>
    <ClInclude Include="DeltaTimeFilterPlugin.h">
      <Filter>Header Files</Filter>
    </ClInclude>
    <ClInclude Include="DeltaTimeFilterTab.h">
      <Filter>Header Files</Filter>
    </ClInclude>
    <ClInclude Include="Options.h">
      <Filter>Header Files</Filter>
    </ClInclude>
    <ClInclude Include="PacketHeaders.h">
      <Filter>Header Files</Filter>
    </ClInclude>
    <ClInclude Include="PeekApp.h">
      <Filter>Header Files</Filter>
    </ClInclude>
    <ClInclude Include="PeekContext.h">
      <Filter>Header Files</Filter>
    </ClInclude>
    <ClInclude Include="Peekplug.h">
      <Filter>Header Files</Filter>
    </ClInclude>
    <ClInclude Include="PeekPlugin.h">
      <Filter>Header Files</Filter>
    </ClInclude>
    <ClInclude Include="PeekPSIDs.h">
      <Filter>Header Files</Filter>
    </ClInclude>
    <ClInclude Include="PluginDebug.h">
      <Filter>Header Files</Filter>
    </ClInclude>
    <ClInclude Include="resource.h">
      <Filter>Header Files</Filter>
    </ClInclude>
    <ClInclude Include="StdAfx.h">
      <Filter>Header Files</Filter>
    </ClInclude>
    <ClInclude Include="WPTypes.h">
      <Filter>Header Files</Filter>
    </ClInclude>
    <ClInclude Include="Shared\ArrayEx.h">
      <Filter>Shared</Filter>
    </ClInclude>
    <ClInclude Include="Shared\Broadcaster.h">
      <Filter>Shared</Filter>
    </ClInclude>
    <ClInclude Include="Shared\ByteStream.h">
      <Filter>Shared</Filter>
    </ClInclude>
    <ClInclude Include="Shared\CatchHR.h">
      <Filter>Shared</Filter>
    </ClInclude>
    <ClInclude Include="Shared\Comparator.h">
      <Filter>Shared</Filter>
    </ClInclude>
    <ClInclude Include="Shared\CT2UTF8.h">
      <Filter>Shared</Filter>
    </ClInclude>
    <ClInclude Include="Shared\FileUtil.h">
      <Filter>Shared</Filter>
    </ClInclude>
    <ClInclude Include="Shared\Listener.h">
      <Filter>Shared</Filter>
    </ClInclude>
    <ClInclude Include="Shared\MemUtil.h">
      <Filter>Shared</Filter>
    </ClInclude>
    <ClInclude Include="Shared\Parser.h">
      <Filter>Shared</Filter>
    </ClInclude>
    <ClInclude Include="Shared\XMLBuilder.h">
      <Filter>Shared</Filter>
    </ClInclude>
    <ClInclude Include="Shared\XMLDictionary.h">
      <Filter>Shared</Filter>
    </ClInclude>
    <ClInclude Include="Shared\XMLDoc.h">
      <Filter>Shared</Filter>
    </ClInclude>
    <ClInclude Include="Shared\XMLIter.h">
      <Filter>Shared</Filter>
    </ClInclude>
    <ClInclude Include="Shared\XMLParser.h">
      <Filter>Shared</Filter>
    </ClInclude>
    <ClInclude Include="Shared\XMLParserFactory.h">
      <Filter>Shared</Filter>
    </ClInclude>
    <ClInclude Include="Shared\XMutex.h">
      <Filter>Shared</Filter>
    </ClInclude>
    <ClInclude Include="Shared\XObject.h">
      <Filter>Shared</Filter>
    </ClInclude>
    <ClInclude Include="Shared\XRefCounter.h">
      <Filter>Shared</Filter>
    </ClInclude>
    <ClInclude Include="Shared\XString.h">
      <Filter>Shared</Filter>
    </ClInclude>
    <ClInclude Include="Shared\XTypes.h">
      <Filter>Shared</Filter>
    </ClInclude>
  </ItemGroup>
  <ItemGroup>
    <ResourceCompile Include="DeltaTimeFilter.rc">
      <Filter>Resource Files</Filter>
    </ResourceCompile>
  </ItemGroup>
  <ItemGroup>
    <None Include="toolbar.bmp">
      <Filter>Resource Files</Filter>
    </None>
    <None Include="wplogo.bmp">
      <Filter>Resource Files</Filter>
    </None>
  </ItemGroup>
</Project>